// !$*UTF8*$!
{
	archiveVersion = 1;
	classes = {
	};
	objectVersion = 46;
	objects = {

/* Begin PBXBuildFile section */
		8328F08D16820383000E47B5 /* RemoteScreenMonitor.xib in Resources */ = {isa = PBXBuildFile; fileRef = 8328F08C16820383000E47B5 /* RemoteScreenMonitor.xib */; };
		8328F091168203AF000E47B5 /* RemoteScreenMonitorSheet.m in Sources */ = {isa = PBXBuildFile; fileRef = 8328F090168203AF000E47B5 /* RemoteScreenMonitorSheet.m */; };
		8328F09616820D03000E47B5 /* DeviceScreenDatasource.m in Sources */ = {isa = PBXBuildFile; fileRef = 8328F09516820D03000E47B5 /* DeviceScreenDatasource.m */; };
		8328F09916823E25000E47B5 /* RGBHelper.m in Sources */ = {isa = PBXBuildFile; fileRef = 8328F09816823E25000E47B5 /* RGBHelper.m */; };
		83486928167D630D001BF84D /* SelectableTableView.m in Sources */ = {isa = PBXBuildFile; fileRef = 83486926167D630D001BF84D /* SelectableTableView.m */; };
		83486929167D630D001BF84D /* NSString_Extension.m in Sources */ = {isa = PBXBuildFile; fileRef = 83486927167D630D001BF84D /* NSString_Extension.m */; };
		8348692C167D6926001BF84D /* LogDatasource.m in Sources */ = {isa = PBXBuildFile; fileRef = 8348692B167D6926001BF84D /* LogDatasource.m */; };
		83486933167D7853001BF84D /* AdbTaskHelper.m in Sources */ = {isa = PBXBuildFile; fileRef = 83486932167D7853001BF84D /* AdbTaskHelper.m */; };
		83542DDF167ECA0A000AF99E /* DeviceListDatasource.m in Sources */ = {isa = PBXBuildFile; fileRef = 83542DDE167ECA0A000AF99E /* DeviceListDatasource.m */; };
		83A99624167973230042425F /* FilterSheet.m in Sources */ = {isa = PBXBuildFile; fileRef = 83A99623167973230042425F /* FilterSheet.m */; };
		83E99EC6167D199F00ACF31A /* atext in Resources */ = {isa = PBXBuildFile; fileRef = 83E99EC5167D199F00ACF31A /* atext */; };
		83FECD0B1680092C004F1E07 /* DevicePickerSheet.m in Sources */ = {isa = PBXBuildFile; fileRef = 83FECD0A1680092C004F1E07 /* DevicePickerSheet.m */; };
		83FECD0D16800964004F1E07 /* DevicePickerSheet.xib in Resources */ = {isa = PBXBuildFile; fileRef = 83FECD0C16800964004F1E07 /* DevicePickerSheet.xib */; };
		83FECD101680FFB3004F1E07 /* BinaryDataScanner.m in Sources */ = {isa = PBXBuildFile; fileRef = 83FECD0F1680FFB3004F1E07 /* BinaryDataScanner.m */; };
		A52B597E167DDB24007B0030 /* Keyboard.png in Resources */ = {isa = PBXBuildFile; fileRef = A52B597D167DDB24007B0030 /* Keyboard.png */; };
		A53E91C61479C4C100C92015 /* FilterSheet.xib in Resources */ = {isa = PBXBuildFile; fileRef = A53E91C51479C4C100C92015 /* FilterSheet.xib */; };
		A5B4D262147AC6AA00DA2336 /* DBPrefsWindowController.m in Sources */ = {isa = PBXBuildFile; fileRef = A5B4D261147AC6AA00DA2336 /* DBPrefsWindowController.m */; };
		A5B4D266147AC70300DA2336 /* LogCatPreferences.m in Sources */ = {isa = PBXBuildFile; fileRef = A5B4D265147AC70300DA2336 /* LogCatPreferences.m */; };
		A5B4D268147AC73800DA2336 /* Preferences.xib in Resources */ = {isa = PBXBuildFile; fileRef = A5B4D267147AC73800DA2336 /* Preferences.xib */; };
		A5C03BFA147EF72B00D21B0E /* Icon.icns in Resources */ = {isa = PBXBuildFile; fileRef = A5C03BF9147EF72B00D21B0E /* Icon.icns */; };
		A5FF10F714743296001A3B38 /* Cocoa.framework in Frameworks */ = {isa = PBXBuildFile; fileRef = A5FF10F614743296001A3B38 /* Cocoa.framework */; };
		A5FF110114743296001A3B38 /* InfoPlist.strings in Resources */ = {isa = PBXBuildFile; fileRef = A5FF10FF14743296001A3B38 /* InfoPlist.strings */; };
		A5FF110314743296001A3B38 /* main.m in Sources */ = {isa = PBXBuildFile; fileRef = A5FF110214743296001A3B38 /* main.m */; };
		A5FF110714743297001A3B38 /* Credits.rtf in Resources */ = {isa = PBXBuildFile; fileRef = A5FF110514743297001A3B38 /* Credits.rtf */; };
		A5FF110A14743297001A3B38 /* LogCatAppDelegate.m in Sources */ = {isa = PBXBuildFile; fileRef = A5FF110914743297001A3B38 /* LogCatAppDelegate.m */; };
		A5FF110D14743297001A3B38 /* MainMenu.xib in Resources */ = {isa = PBXBuildFile; fileRef = A5FF110B14743297001A3B38 /* MainMenu.xib */; };
/* End PBXBuildFile section */

/* Begin PBXFileReference section */
		8328F08C16820383000E47B5 /* RemoteScreenMonitor.xib */ = {isa = PBXFileReference; fileEncoding = 4; lastKnownFileType = file.xib; path = RemoteScreenMonitor.xib; sourceTree = "<group>"; };
		8328F08F168203AF000E47B5 /* RemoteScreenMonitorSheet.h */ = {isa = PBXFileReference; fileEncoding = 4; lastKnownFileType = sourcecode.c.h; path = RemoteScreenMonitorSheet.h; sourceTree = "<group>"; };
		8328F090168203AF000E47B5 /* RemoteScreenMonitorSheet.m */ = {isa = PBXFileReference; fileEncoding = 4; lastKnownFileType = sourcecode.c.objc; path = RemoteScreenMonitorSheet.m; sourceTree = "<group>"; };
		8328F09416820D03000E47B5 /* DeviceScreenDatasource.h */ = {isa = PBXFileReference; fileEncoding = 4; lastKnownFileType = sourcecode.c.h; path = DeviceScreenDatasource.h; sourceTree = "<group>"; };
		8328F09516820D03000E47B5 /* DeviceScreenDatasource.m */ = {isa = PBXFileReference; fileEncoding = 4; lastKnownFileType = sourcecode.c.objc; path = DeviceScreenDatasource.m; sourceTree = "<group>"; };
		8328F09716823E25000E47B5 /* RGBHelper.h */ = {isa = PBXFileReference; fileEncoding = 4; lastKnownFileType = sourcecode.c.h; path = RGBHelper.h; sourceTree = "<group>"; };
		8328F09816823E25000E47B5 /* RGBHelper.m */ = {isa = PBXFileReference; fileEncoding = 4; lastKnownFileType = sourcecode.c.objc; path = RGBHelper.m; sourceTree = "<group>"; };
		83486926167D630D001BF84D /* SelectableTableView.m */ = {isa = PBXFileReference; fileEncoding = 4; lastKnownFileType = sourcecode.c.objc; path = SelectableTableView.m; sourceTree = "<group>"; };
		83486927167D630D001BF84D /* NSString_Extension.m */ = {isa = PBXFileReference; fileEncoding = 4; lastKnownFileType = sourcecode.c.objc; path = NSString_Extension.m; sourceTree = "<group>"; };
		8348692A167D6926001BF84D /* LogDatasource.h */ = {isa = PBXFileReference; fileEncoding = 4; lastKnownFileType = sourcecode.c.h; path = LogDatasource.h; sourceTree = "<group>"; };
		8348692B167D6926001BF84D /* LogDatasource.m */ = {isa = PBXFileReference; fileEncoding = 4; lastKnownFileType = sourcecode.c.objc; path = LogDatasource.m; sourceTree = "<group>"; };
		83486931167D7853001BF84D /* AdbTaskHelper.h */ = {isa = PBXFileReference; fileEncoding = 4; lastKnownFileType = sourcecode.c.h; path = AdbTaskHelper.h; sourceTree = "<group>"; };
		83486932167D7853001BF84D /* AdbTaskHelper.m */ = {isa = PBXFileReference; fileEncoding = 4; lastKnownFileType = sourcecode.c.objc; path = AdbTaskHelper.m; sourceTree = "<group>"; };
		83542DDD167ECA09000AF99E /* DeviceListDatasource.h */ = {isa = PBXFileReference; fileEncoding = 4; lastKnownFileType = sourcecode.c.h; path = DeviceListDatasource.h; sourceTree = "<group>"; };
		83542DDE167ECA0A000AF99E /* DeviceListDatasource.m */ = {isa = PBXFileReference; fileEncoding = 4; lastKnownFileType = sourcecode.c.objc; path = DeviceListDatasource.m; sourceTree = "<group>"; };
		83A9961D16794F6B0042425F /* SelectableTableView.h */ = {isa = PBXFileReference; fileEncoding = 4; lastKnownFileType = sourcecode.c.h; path = SelectableTableView.h; sourceTree = "<group>"; };
		83A99621167969C60042425F /* MenuDelegate.h */ = {isa = PBXFileReference; fileEncoding = 4; lastKnownFileType = sourcecode.c.h; path = MenuDelegate.h; sourceTree = "<group>"; };
		83A99622167973230042425F /* FilterSheet.h */ = {isa = PBXFileReference; fileEncoding = 4; lastKnownFileType = sourcecode.c.h; path = FilterSheet.h; sourceTree = "<group>"; };
		83A99623167973230042425F /* FilterSheet.m */ = {isa = PBXFileReference; fileEncoding = 4; lastKnownFileType = sourcecode.c.objc; path = FilterSheet.m; sourceTree = "<group>"; };
		83E99EC5167D199F00ACF31A /* atext */ = {isa = PBXFileReference; fileEncoding = 4; lastKnownFileType = text.script.perl; path = atext; sourceTree = "<group>"; };
		83E99EDB167D610900ACF31A /* NSString_Extension.h */ = {isa = PBXFileReference; fileEncoding = 4; lastKnownFileType = sourcecode.c.h; path = NSString_Extension.h; sourceTree = "<group>"; };
		83FECD091680092C004F1E07 /* DevicePickerSheet.h */ = {isa = PBXFileReference; fileEncoding = 4; lastKnownFileType = sourcecode.c.h; path = DevicePickerSheet.h; sourceTree = "<group>"; };
		83FECD0A1680092C004F1E07 /* DevicePickerSheet.m */ = {isa = PBXFileReference; fileEncoding = 4; lastKnownFileType = sourcecode.c.objc; path = DevicePickerSheet.m; sourceTree = "<group>"; };
		83FECD0C16800964004F1E07 /* DevicePickerSheet.xib */ = {isa = PBXFileReference; fileEncoding = 4; lastKnownFileType = file.xib; path = DevicePickerSheet.xib; sourceTree = "<group>"; };
		83FECD0E1680FFB3004F1E07 /* BinaryDataScanner.h */ = {isa = PBXFileReference; fileEncoding = 4; lastKnownFileType = sourcecode.c.h; path = BinaryDataScanner.h; sourceTree = "<group>"; };
		83FECD0F1680FFB3004F1E07 /* BinaryDataScanner.m */ = {isa = PBXFileReference; fileEncoding = 4; lastKnownFileType = sourcecode.c.objc; path = BinaryDataScanner.m; sourceTree = "<group>"; };
		A52B597D167DDB24007B0030 /* Keyboard.png */ = {isa = PBXFileReference; lastKnownFileType = image.png; path = Keyboard.png; sourceTree = "<group>"; };
		A53E91C51479C4C100C92015 /* FilterSheet.xib */ = {isa = PBXFileReference; fileEncoding = 4; lastKnownFileType = file.xib; path = FilterSheet.xib; sourceTree = "<group>"; };
		A5B4D260147AC6AA00DA2336 /* DBPrefsWindowController.h */ = {isa = PBXFileReference; fileEncoding = 4; lastKnownFileType = sourcecode.c.h; path = DBPrefsWindowController.h; sourceTree = "<group>"; };
		A5B4D261147AC6AA00DA2336 /* DBPrefsWindowController.m */ = {isa = PBXFileReference; fileEncoding = 4; lastKnownFileType = sourcecode.c.objc; path = DBPrefsWindowController.m; sourceTree = "<group>"; };
		A5B4D264147AC70300DA2336 /* LogCatPreferences.h */ = {isa = PBXFileReference; fileEncoding = 4; lastKnownFileType = sourcecode.c.h; path = LogCatPreferences.h; sourceTree = "<group>"; };
		A5B4D265147AC70300DA2336 /* LogCatPreferences.m */ = {isa = PBXFileReference; fileEncoding = 4; lastKnownFileType = sourcecode.c.objc; path = LogCatPreferences.m; sourceTree = "<group>"; };
		A5B4D267147AC73800DA2336 /* Preferences.xib */ = {isa = PBXFileReference; fileEncoding = 4; lastKnownFileType = file.xib; path = Preferences.xib; sourceTree = "<group>"; };
		A5C03BF9147EF72B00D21B0E /* Icon.icns */ = {isa = PBXFileReference; lastKnownFileType = image.icns; name = Icon.icns; path = ../Icon.icns; sourceTree = "<group>"; };
		A5FF10F214743296001A3B38 /* LogCat.app */ = {isa = PBXFileReference; explicitFileType = wrapper.application; includeInIndex = 0; path = LogCat.app; sourceTree = BUILT_PRODUCTS_DIR; };
		A5FF10F614743296001A3B38 /* Cocoa.framework */ = {isa = PBXFileReference; lastKnownFileType = wrapper.framework; name = Cocoa.framework; path = System/Library/Frameworks/Cocoa.framework; sourceTree = SDKROOT; };
		A5FF10F914743296001A3B38 /* AppKit.framework */ = {isa = PBXFileReference; lastKnownFileType = wrapper.framework; name = AppKit.framework; path = System/Library/Frameworks/AppKit.framework; sourceTree = SDKROOT; };
		A5FF10FA14743296001A3B38 /* CoreData.framework */ = {isa = PBXFileReference; lastKnownFileType = wrapper.framework; name = CoreData.framework; path = System/Library/Frameworks/CoreData.framework; sourceTree = SDKROOT; };
		A5FF10FB14743296001A3B38 /* Foundation.framework */ = {isa = PBXFileReference; lastKnownFileType = wrapper.framework; name = Foundation.framework; path = System/Library/Frameworks/Foundation.framework; sourceTree = SDKROOT; };
		A5FF10FE14743296001A3B38 /* LogCat-Info.plist */ = {isa = PBXFileReference; lastKnownFileType = text.plist.xml; path = "LogCat-Info.plist"; sourceTree = "<group>"; };
		A5FF110014743296001A3B38 /* en */ = {isa = PBXFileReference; lastKnownFileType = text.plist.strings; name = en; path = en.lproj/InfoPlist.strings; sourceTree = "<group>"; };
		A5FF110214743296001A3B38 /* main.m */ = {isa = PBXFileReference; lastKnownFileType = sourcecode.c.objc; path = main.m; sourceTree = "<group>"; };
		A5FF110414743296001A3B38 /* LogCat-Prefix.pch */ = {isa = PBXFileReference; lastKnownFileType = sourcecode.c.h; path = "LogCat-Prefix.pch"; sourceTree = "<group>"; };
		A5FF110614743297001A3B38 /* en */ = {isa = PBXFileReference; lastKnownFileType = text.rtf; name = en; path = en.lproj/Credits.rtf; sourceTree = "<group>"; };
		A5FF110814743297001A3B38 /* LogCatAppDelegate.h */ = {isa = PBXFileReference; lastKnownFileType = sourcecode.c.h; path = LogCatAppDelegate.h; sourceTree = "<group>"; };
		A5FF110914743297001A3B38 /* LogCatAppDelegate.m */ = {isa = PBXFileReference; lastKnownFileType = sourcecode.c.objc; path = LogCatAppDelegate.m; sourceTree = "<group>"; };
		A5FF110C14743297001A3B38 /* en */ = {isa = PBXFileReference; lastKnownFileType = file.xib; name = en; path = en.lproj/MainMenu.xib; sourceTree = "<group>"; };
/* End PBXFileReference section */

/* Begin PBXFrameworksBuildPhase section */
		A5FF10EF14743295001A3B38 /* Frameworks */ = {
			isa = PBXFrameworksBuildPhase;
			buildActionMask = 2147483647;
			files = (
				A5FF10F714743296001A3B38 /* Cocoa.framework in Frameworks */,
			);
			runOnlyForDeploymentPostprocessing = 0;
		};
/* End PBXFrameworksBuildPhase section */

/* Begin PBXGroup section */
		8328F092168204E1000E47B5 /* Datasources */ = {
			isa = PBXGroup;
			children = (
				8348692A167D6926001BF84D /* LogDatasource.h */,
				8348692B167D6926001BF84D /* LogDatasource.m */,
				83542DDD167ECA09000AF99E /* DeviceListDatasource.h */,
				83542DDE167ECA0A000AF99E /* DeviceListDatasource.m */,
				8328F09416820D03000E47B5 /* DeviceScreenDatasource.h */,
				8328F09516820D03000E47B5 /* DeviceScreenDatasource.m */,
			);
			name = Datasources;
			sourceTree = "<group>";
		};
		8328F0931682052E000E47B5 /* Scenes */ = {
			isa = PBXGroup;
			children = (
				83FECD091680092C004F1E07 /* DevicePickerSheet.h */,
				83FECD0A1680092C004F1E07 /* DevicePickerSheet.m */,
				83FECD0C16800964004F1E07 /* DevicePickerSheet.xib */,
				A5B4D264147AC70300DA2336 /* LogCatPreferences.h */,
				A5B4D265147AC70300DA2336 /* LogCatPreferences.m */,
				A5B4D260147AC6AA00DA2336 /* DBPrefsWindowController.h */,
				A5B4D261147AC6AA00DA2336 /* DBPrefsWindowController.m */,
				A5B4D267147AC73800DA2336 /* Preferences.xib */,
				A5FF110814743297001A3B38 /* LogCatAppDelegate.h */,
				A5FF110914743297001A3B38 /* LogCatAppDelegate.m */,
				A5FF110B14743297001A3B38 /* MainMenu.xib */,
				83A99622167973230042425F /* FilterSheet.h */,
				83A99623167973230042425F /* FilterSheet.m */,
				A53E91C51479C4C100C92015 /* FilterSheet.xib */,
				8328F08F168203AF000E47B5 /* RemoteScreenMonitorSheet.h */,
				8328F090168203AF000E47B5 /* RemoteScreenMonitorSheet.m */,
				8328F08C16820383000E47B5 /* RemoteScreenMonitor.xib */,
			);
			name = Scenes;
			sourceTree = "<group>";
		};
		83E99ECE167D4CFC00ACF31A /* helpers */ = {
			isa = PBXGroup;
			children = (
				8328F09716823E25000E47B5 /* RGBHelper.h */,
				8328F09816823E25000E47B5 /* RGBHelper.m */,
				83E99EDB167D610900ACF31A /* NSString_Extension.h */,
				83486927167D630D001BF84D /* NSString_Extension.m */,
				83A9961D16794F6B0042425F /* SelectableTableView.h */,
				83486926167D630D001BF84D /* SelectableTableView.m */,
				83A99621167969C60042425F /* MenuDelegate.h */,
				83486931167D7853001BF84D /* AdbTaskHelper.h */,
				83486932167D7853001BF84D /* AdbTaskHelper.m */,
				83FECD0E1680FFB3004F1E07 /* BinaryDataScanner.h */,
				83FECD0F1680FFB3004F1E07 /* BinaryDataScanner.m */,
			);
			name = helpers;
			sourceTree = "<group>";
		};
		A52B597A167DDB14007B0030 /* Images */ = {
			isa = PBXGroup;
			children = (
				A52B597C167DDB1B007B0030 /* Toolbar */,
			);
			name = Images;
			sourceTree = "<group>";
		};
		A52B597C167DDB1B007B0030 /* Toolbar */ = {
			isa = PBXGroup;
			children = (
				A52B597D167DDB24007B0030 /* Keyboard.png */,
			);
			name = Toolbar;
			sourceTree = "<group>";
		};
		A5C27F37147E6E1E00112228 /* Resources */ = {
			isa = PBXGroup;
			children = (
				A5C03BF9147EF72B00D21B0E /* Icon.icns */,
				A52B597A167DDB14007B0030 /* Images */,
				83E99EC5167D199F00ACF31A /* atext */,
			);
			name = Resources;
			sourceTree = "<group>";
		};
		A5FF10E714743294001A3B38 = {
			isa = PBXGroup;
			children = (
				A5FF10FC14743296001A3B38 /* LogCat */,
				A5FF10F514743296001A3B38 /* Frameworks */,
				A5FF10F314743296001A3B38 /* Products */,
			);
			sourceTree = "<group>";
		};
		A5FF10F314743296001A3B38 /* Products */ = {
			isa = PBXGroup;
			children = (
				A5FF10F214743296001A3B38 /* LogCat.app */,
			);
			name = Products;
			sourceTree = "<group>";
		};
		A5FF10F514743296001A3B38 /* Frameworks */ = {
			isa = PBXGroup;
			children = (
				A5FF10F614743296001A3B38 /* Cocoa.framework */,
				A5FF10F814743296001A3B38 /* Other Frameworks */,
			);
			name = Frameworks;
			sourceTree = "<group>";
		};
		A5FF10F814743296001A3B38 /* Other Frameworks */ = {
			isa = PBXGroup;
			children = (
				A5FF10F914743296001A3B38 /* AppKit.framework */,
				A5FF10FA14743296001A3B38 /* CoreData.framework */,
				A5FF10FB14743296001A3B38 /* Foundation.framework */,
			);
			name = "Other Frameworks";
			sourceTree = "<group>";
		};
		A5FF10FC14743296001A3B38 /* LogCat */ = {
			isa = PBXGroup;
			children = (
				8328F0931682052E000E47B5 /* Scenes */,
				8328F092168204E1000E47B5 /* Datasources */,
				83E99ECE167D4CFC00ACF31A /* helpers */,
				A5C27F37147E6E1E00112228 /* Resources */,
				A5FF10FD14743296001A3B38 /* Supporting Files */,
			);
			path = LogCat;
			sourceTree = "<group>";
		};
		A5FF10FD14743296001A3B38 /* Supporting Files */ = {
			isa = PBXGroup;
			children = (
				A5FF10FE14743296001A3B38 /* LogCat-Info.plist */,
				A5FF10FF14743296001A3B38 /* InfoPlist.strings */,
				A5FF110214743296001A3B38 /* main.m */,
				A5FF110414743296001A3B38 /* LogCat-Prefix.pch */,
				A5FF110514743297001A3B38 /* Credits.rtf */,
			);
			name = "Supporting Files";
			sourceTree = "<group>";
		};
/* End PBXGroup section */

/* Begin PBXNativeTarget section */
		A5FF10F114743295001A3B38 /* LogCat */ = {
			isa = PBXNativeTarget;
			buildConfigurationList = A5FF111014743297001A3B38 /* Build configuration list for PBXNativeTarget "LogCat" */;
			buildPhases = (
				A5FF10EE14743295001A3B38 /* Sources */,
				A5FF10EF14743295001A3B38 /* Frameworks */,
				A5FF10F014743295001A3B38 /* Resources */,
			);
			buildRules = (
			);
			dependencies = (
			);
			name = LogCat;
			productName = LogCat;
			productReference = A5FF10F214743296001A3B38 /* LogCat.app */;
			productType = "com.apple.product-type.application";
		};
/* End PBXNativeTarget section */

/* Begin PBXProject section */
		A5FF10E914743294001A3B38 /* Project object */ = {
			isa = PBXProject;
			attributes = {
				LastUpgradeCheck = 0460;
				ORGANIZATIONNAME = SplashSoftware.pl;
			};
			buildConfigurationList = A5FF10EC14743294001A3B38 /* Build configuration list for PBXProject "LogCat" */;
			compatibilityVersion = "Xcode 3.2";
			developmentRegion = English;
			hasScannedForEncodings = 0;
			knownRegions = (
				en,
			);
			mainGroup = A5FF10E714743294001A3B38;
			productRefGroup = A5FF10F314743296001A3B38 /* Products */;
			projectDirPath = "";
			projectRoot = "";
			targets = (
				A5FF10F114743295001A3B38 /* LogCat */,
			);
		};
/* End PBXProject section */

/* Begin PBXResourcesBuildPhase section */
		A5FF10F014743295001A3B38 /* Resources */ = {
			isa = PBXResourcesBuildPhase;
			buildActionMask = 2147483647;
			files = (
				A5FF110114743296001A3B38 /* InfoPlist.strings in Resources */,
				A5FF110714743297001A3B38 /* Credits.rtf in Resources */,
				A5FF110D14743297001A3B38 /* MainMenu.xib in Resources */,
				A53E91C61479C4C100C92015 /* FilterSheet.xib in Resources */,
				A5B4D268147AC73800DA2336 /* Preferences.xib in Resources */,
				A5C03BFA147EF72B00D21B0E /* Icon.icns in Resources */,
				83E99EC6167D199F00ACF31A /* atext in Resources */,
				A52B597E167DDB24007B0030 /* Keyboard.png in Resources */,
				83FECD0D16800964004F1E07 /* DevicePickerSheet.xib in Resources */,
				8328F08D16820383000E47B5 /* RemoteScreenMonitor.xib in Resources */,
			);
			runOnlyForDeploymentPostprocessing = 0;
		};
/* End PBXResourcesBuildPhase section */

/* Begin PBXSourcesBuildPhase section */
		A5FF10EE14743295001A3B38 /* Sources */ = {
			isa = PBXSourcesBuildPhase;
			buildActionMask = 2147483647;
			files = (
				A5FF110314743296001A3B38 /* main.m in Sources */,
				A5FF110A14743297001A3B38 /* LogCatAppDelegate.m in Sources */,
				A5B4D262147AC6AA00DA2336 /* DBPrefsWindowController.m in Sources */,
				A5B4D266147AC70300DA2336 /* LogCatPreferences.m in Sources */,
				83A99624167973230042425F /* FilterSheet.m in Sources */,
				83486928167D630D001BF84D /* SelectableTableView.m in Sources */,
				83486929167D630D001BF84D /* NSString_Extension.m in Sources */,
				8348692C167D6926001BF84D /* LogDatasource.m in Sources */,
				83486933167D7853001BF84D /* AdbTaskHelper.m in Sources */,
				83542DDF167ECA0A000AF99E /* DeviceListDatasource.m in Sources */,
				83FECD0B1680092C004F1E07 /* DevicePickerSheet.m in Sources */,
				83FECD101680FFB3004F1E07 /* BinaryDataScanner.m in Sources */,
				8328F091168203AF000E47B5 /* RemoteScreenMonitorSheet.m in Sources */,
				8328F09616820D03000E47B5 /* DeviceScreenDatasource.m in Sources */,
				8328F09916823E25000E47B5 /* RGBHelper.m in Sources */,
			);
			runOnlyForDeploymentPostprocessing = 0;
		};
/* End PBXSourcesBuildPhase section */

/* Begin PBXVariantGroup section */
		A5FF10FF14743296001A3B38 /* InfoPlist.strings */ = {
			isa = PBXVariantGroup;
			children = (
				A5FF110014743296001A3B38 /* en */,
			);
			name = InfoPlist.strings;
			sourceTree = "<group>";
		};
		A5FF110514743297001A3B38 /* Credits.rtf */ = {
			isa = PBXVariantGroup;
			children = (
				A5FF110614743297001A3B38 /* en */,
			);
			name = Credits.rtf;
			sourceTree = "<group>";
		};
		A5FF110B14743297001A3B38 /* MainMenu.xib */ = {
			isa = PBXVariantGroup;
			children = (
				A5FF110C14743297001A3B38 /* en */,
			);
			name = MainMenu.xib;
			sourceTree = "<group>";
		};
/* End PBXVariantGroup section */

/* Begin XCBuildConfiguration section */
		A5FF110E14743297001A3B38 /* Debug */ = {
			isa = XCBuildConfiguration;
			buildSettings = {
				ALWAYS_SEARCH_USER_PATHS = NO;
				ARCHS = "$(ARCHS_STANDARD_64_BIT)";
				CLANG_WARN_CONSTANT_CONVERSION = YES;
				CLANG_WARN_ENUM_CONVERSION = YES;
				CLANG_WARN_INT_CONVERSION = YES;
				CLANG_WARN__DUPLICATE_METHOD_MATCH = YES;
				COPY_PHASE_STRIP = NO;
				GCC_C_LANGUAGE_STANDARD = gnu99;
				GCC_DYNAMIC_NO_PIC = NO;
				GCC_ENABLE_OBJC_EXCEPTIONS = YES;
				GCC_OPTIMIZATION_LEVEL = 0;
				GCC_PREPROCESSOR_DEFINITIONS = (
					"DEBUG=1",
					"$(inherited)",
				);
				GCC_SYMBOLS_PRIVATE_EXTERN = NO;
				GCC_VERSION = com.apple.compilers.llvm.clang.1_0;
				GCC_WARN_64_TO_32_BIT_CONVERSION = YES;
				GCC_WARN_ABOUT_MISSING_PROTOTYPES = YES;
				GCC_WARN_ABOUT_RETURN_TYPE = YES;
				GCC_WARN_UNINITIALIZED_AUTOS = YES;
				GCC_WARN_UNUSED_VARIABLE = YES;
				MACOSX_DEPLOYMENT_TARGET = 10.8;
				ONLY_ACTIVE_ARCH = YES;
				SDKROOT = macosx;
			};
			name = Debug;
		};
		A5FF110F14743297001A3B38 /* Release */ = {
			isa = XCBuildConfiguration;
			buildSettings = {
				ALWAYS_SEARCH_USER_PATHS = NO;
				ARCHS = "$(ARCHS_STANDARD_64_BIT)";
				CLANG_WARN_CONSTANT_CONVERSION = YES;
				CLANG_WARN_ENUM_CONVERSION = YES;
				CLANG_WARN_INT_CONVERSION = YES;
				CLANG_WARN__DUPLICATE_METHOD_MATCH = YES;
				COPY_PHASE_STRIP = YES;
				DEBUG_INFORMATION_FORMAT = "dwarf-with-dsym";
				GCC_C_LANGUAGE_STANDARD = gnu99;
				GCC_ENABLE_OBJC_EXCEPTIONS = YES;
				GCC_VERSION = com.apple.compilers.llvm.clang.1_0;
				GCC_WARN_64_TO_32_BIT_CONVERSION = YES;
				GCC_WARN_ABOUT_MISSING_PROTOTYPES = YES;
				GCC_WARN_ABOUT_RETURN_TYPE = YES;
				GCC_WARN_UNINITIALIZED_AUTOS = YES;
				GCC_WARN_UNUSED_VARIABLE = YES;
				MACOSX_DEPLOYMENT_TARGET = 10.8;
				SDKROOT = macosx;
			};
			name = Release;
		};
		A5FF111114743297001A3B38 /* Debug */ = {
			isa = XCBuildConfiguration;
			buildSettings = {
				ARCHS = "$(ARCHS_STANDARD_64_BIT)";
				CLANG_ENABLE_OBJC_ARC = YES;
				COMBINE_HIDPI_IMAGES = YES;
				GCC_PRECOMPILE_PREFIX_HEADER = YES;
				GCC_PREFIX_HEADER = "LogCat/LogCat-Prefix.pch";
				INFOPLIST_FILE = "LogCat/LogCat-Info.plist";
				MACOSX_DEPLOYMENT_TARGET = 10.7;
				PRODUCT_NAME = "$(TARGET_NAME)";
				SDKROOT = macosx;
				WRAPPER_EXTENSION = app;
			};
			name = Debug;
		};
		A5FF111214743297001A3B38 /* Release */ = {
			isa = XCBuildConfiguration;
			buildSettings = {
				ARCHS = "$(ARCHS_STANDARD_64_BIT)";
				CLANG_ENABLE_OBJC_ARC = YES;
				COMBINE_HIDPI_IMAGES = YES;
				GCC_PRECOMPILE_PREFIX_HEADER = YES;
				GCC_PREFIX_HEADER = "LogCat/LogCat-Prefix.pch";
				INFOPLIST_FILE = "LogCat/LogCat-Info.plist";
				MACOSX_DEPLOYMENT_TARGET = 10.7;
				PRODUCT_NAME = "$(TARGET_NAME)";
				SDKROOT = macosx;
				WRAPPER_EXTENSION = app;
			};
			name = Release;
		};
/* End XCBuildConfiguration section */

/* Begin XCConfigurationList section */
		A5FF10EC14743294001A3B38 /* Build configuration list for PBXProject "LogCat" */ = {
			isa = XCConfigurationList;
			buildConfigurations = (
				A5FF110E14743297001A3B38 /* Debug */,
				A5FF110F14743297001A3B38 /* Release */,
			);
			defaultConfigurationIsVisible = 0;
			defaultConfigurationName = Release;
		};
		A5FF111014743297001A3B38 /* Build configuration list for PBXNativeTarget "LogCat" */ = {
			isa = XCConfigurationList;
			buildConfigurations = (
				A5FF111114743297001A3B38 /* Debug */,
				A5FF111214743297001A3B38 /* Release */,
			);
			defaultConfigurationIsVisible = 0;
			defaultConfigurationName = Release;
		};
/* End XCConfigurationList section */
	};
	rootObject = A5FF10E914743294001A3B38 /* Project object */;
}
